{
  "name": "@bakedpotatolord/brainf--k",
  "version": "1.0.6",
  "lockfileVersion": 2,
  "requires": true,
  "packages": {
    "": {
      "name": "@bakedpotatolord/brainf--k",
      "version": "1.0.6",
      "license": "ISC",
      "devDependencies": {
        "@types/node": "^18.11.8"
      }
    },
    "node_modules/@types/node": {
      "version": "18.11.8",
      "resolved": "https://registry.npmjs.org/@types/node/-/node-18.11.8.tgz",
      "integrity": "sha512-uGwPWlE0Hj972KkHtCDVwZ8O39GmyjfMane1Z3GUBGGnkZ2USDq7SxLpVIiIHpweY9DS0QTDH0Nw7RNBsAAZ5A==",
      "dev": true
    }
  },
  "dependencies": {
    "@types/node": {
      "version": "18.11.8",
      "resolved": "https://registry.npmjs.org/@types/node/-/node-18.11.8.tgz",
      "integrity": "sha512-uGwPWlE0Hj972KkHtCDVwZ8O39GmyjfMane1Z3GUBGGnkZ2USDq7SxLpVIiIHpweY9DS0QTDH0Nw7RNBsAAZ5A==",
      "dev": true
    }
  }
}
